// !$*UTF8*$!
{
	archiveVersion = 1;
	classes = {
	};
	objectVersion = 46;
	objects = {

/* Begin PBXBuildFile section */
		41888B211E7BF2F00068EA86 /* main.c in Sources */ = {isa = PBXBuildFile; fileRef = 41888B201E7BF2F00068EA86 /* main.c */; };
		41888B291E7BF2FC0068EA86 /* prime.c in Sources */ = {isa = PBXBuildFile; fileRef = 41888B271E7BF2FC0068EA86 /* prime.c */; };
		41888B2C1E7C3D130068EA86 /* bnhelpers.c in Sources */ = {isa = PBXBuildFile; fileRef = 41888B2A1E7C3D130068EA86 /* bnhelpers.c */; };
		41CCBB681E835EF10075E4F1 /* rsa.c in Sources */ = {isa = PBXBuildFile; fileRef = 41CCBB661E835EF10075E4F1 /* rsa.c */; };
		41E1823B1E823DB00094E85F /* list.c in Sources */ = {isa = PBXBuildFile; fileRef = 41E1823A1E823DB00094E85F /* list.c */; };
/* End PBXBuildFile section */

/* Begin PBXCopyFilesBuildPhase section */
		41888B1B1E7BF2F00068EA86 /* CopyFiles */ = {
			isa = PBXCopyFilesBuildPhase;
			buildActionMask = 2147483647;
			dstPath = /usr/share/man/man1/;
			dstSubfolderSpec = 0;
			files = (
			);
			runOnlyForDeploymentPostprocessing = 1;
		};
/* End PBXCopyFilesBuildPhase section */

/* Begin PBXFileReference section */
		41888B1D1E7BF2F00068EA86 /* libmdrsa */ = {isa = PBXFileReference; explicitFileType = "compiled.mach-o.executable"; includeInIndex = 0; path = libmdrsa; sourceTree = BUILT_PRODUCTS_DIR; };
		41888B201E7BF2F00068EA86 /* main.c */ = {isa = PBXFileReference; lastKnownFileType = sourcecode.c.c; path = main.c; sourceTree = "<group>"; };
		41888B271E7BF2FC0068EA86 /* prime.c */ = {isa = PBXFileReference; fileEncoding = 4; lastKnownFileType = sourcecode.c.c; path = prime.c; sourceTree = "<group>"; };
		41888B281E7BF2FC0068EA86 /* prime.h */ = {isa = PBXFileReference; fileEncoding = 4; lastKnownFileType = sourcecode.c.h; path = prime.h; sourceTree = "<group>"; };
		41888B2A1E7C3D130068EA86 /* bnhelpers.c */ = {isa = PBXFileReference; fileEncoding = 4; lastKnownFileType = sourcecode.c.c; path = bnhelpers.c; sourceTree = "<group>"; };
		41888B2B1E7C3D130068EA86 /* bnhelpers.h */ = {isa = PBXFileReference; fileEncoding = 4; lastKnownFileType = sourcecode.c.h; path = bnhelpers.h; sourceTree = "<group>"; };
		41CCBB661E835EF10075E4F1 /* rsa.c */ = {isa = PBXFileReference; fileEncoding = 4; lastKnownFileType = sourcecode.c.c; path = rsa.c; sourceTree = "<group>"; };
		41CCBB671E835EF10075E4F1 /* rsa.h */ = {isa = PBXFileReference; fileEncoding = 4; lastKnownFileType = sourcecode.c.h; path = rsa.h; sourceTree = "<group>"; };
		41E182371E823B120094E85F /* CoreFoundation.framework */ = {isa = PBXFileReference; lastKnownFileType = wrapper.framework; name = CoreFoundation.framework; path = System/Library/Frameworks/CoreFoundation.framework; sourceTree = SDKROOT; };
		41E182391E823DB00094E85F /* list.h */ = {isa = PBXFileReference; fileEncoding = 4; lastKnownFileType = sourcecode.c.h; path = list.h; sourceTree = "<group>"; };
		41E1823A1E823DB00094E85F /* list.c */ = {isa = PBXFileReference; fileEncoding = 4; lastKnownFileType = sourcecode.c.c; path = list.c; sourceTree = "<group>"; };
/* End PBXFileReference section */

/* Begin PBXFrameworksBuildPhase section */
		41888B1A1E7BF2F00068EA86 /* Frameworks */ = {
			isa = PBXFrameworksBuildPhase;
			buildActionMask = 2147483647;
			files = (
			);
			runOnlyForDeploymentPostprocessing = 0;
		};
/* End PBXFrameworksBuildPhase section */

/* Begin PBXGroup section */
		41888B141E7BF2F00068EA86 = {
			isa = PBXGroup;
			children = (
				41888B1F1E7BF2F00068EA86 /* libmdrsa */,
				41888B1E1E7BF2F00068EA86 /* Products */,
				41E182361E823B120094E85F /* Frameworks */,
			);
			sourceTree = "<group>";
		};
		41888B1E1E7BF2F00068EA86 /* Products */ = {
			isa = PBXGroup;
			children = (
				41888B1D1E7BF2F00068EA86 /* libmdrsa */,
			);
			name = Products;
			sourceTree = "<group>";
		};
		41888B1F1E7BF2F00068EA86 /* libmdrsa */ = {
			isa = PBXGroup;
			children = (
				41888B201E7BF2F00068EA86 /* main.c */,
				41888B281E7BF2FC0068EA86 /* prime.h */,
				41888B271E7BF2FC0068EA86 /* prime.c */,
				41888B2A1E7C3D130068EA86 /* bnhelpers.c */,
				41888B2B1E7C3D130068EA86 /* bnhelpers.h */,
				41E182391E823DB00094E85F /* list.h */,
				41E1823A1E823DB00094E85F /* list.c */,
				41CCBB661E835EF10075E4F1 /* rsa.c */,
				41CCBB671E835EF10075E4F1 /* rsa.h */,
			);
			path = libmdrsa;
			sourceTree = "<group>";
		};
		41E182361E823B120094E85F /* Frameworks */ = {
			isa = PBXGroup;
			children = (
				41E182371E823B120094E85F /* CoreFoundation.framework */,
			);
			name = Frameworks;
			sourceTree = "<group>";
		};
/* End PBXGroup section */

/* Begin PBXNativeTarget section */
		41888B1C1E7BF2F00068EA86 /* libmdrsa */ = {
			isa = PBXNativeTarget;
			buildConfigurationList = 41888B241E7BF2F00068EA86 /* Build configuration list for PBXNativeTarget "libmdrsa" */;
			buildPhases = (
				41888B191E7BF2F00068EA86 /* Sources */,
				41888B1A1E7BF2F00068EA86 /* Frameworks */,
				41888B1B1E7BF2F00068EA86 /* CopyFiles */,
			);
			buildRules = (
			);
			dependencies = (
			);
			name = libmdrsa;
			productName = libmdrsa;
			productReference = 41888B1D1E7BF2F00068EA86 /* libmdrsa */;
			productType = "com.apple.product-type.tool";
		};
/* End PBXNativeTarget section */

/* Begin PBXProject section */
		41888B151E7BF2F00068EA86 /* Project object */ = {
			isa = PBXProject;
			attributes = {
				LastUpgradeCheck = 0820;
				ORGANIZATIONNAME = "Mert Dümenci";
				TargetAttributes = {
					41888B1C1E7BF2F00068EA86 = {
						CreatedOnToolsVersion = 8.2;
						ProvisioningStyle = Automatic;
					};
				};
			};
			buildConfigurationList = 41888B181E7BF2F00068EA86 /* Build configuration list for PBXProject "libmdrsa" */;
			compatibilityVersion = "Xcode 3.2";
			developmentRegion = English;
			hasScannedForEncodings = 0;
			knownRegions = (
				en,
			);
			mainGroup = 41888B141E7BF2F00068EA86;
			productRefGroup = 41888B1E1E7BF2F00068EA86 /* Products */;
			projectDirPath = "";
			projectRoot = "";
			targets = (
				41888B1C1E7BF2F00068EA86 /* libmdrsa */,
			);
		};
/* End PBXProject section */

/* Begin PBXSourcesBuildPhase section */
		41888B191E7BF2F00068EA86 /* Sources */ = {
			isa = PBXSourcesBuildPhase;
			buildActionMask = 2147483647;
			files = (
				41888B2C1E7C3D130068EA86 /* bnhelpers.c in Sources */,
				41888B211E7BF2F00068EA86 /* main.c in Sources */,
				41888B291E7BF2FC0068EA86 /* prime.c in Sources */,
				41E1823B1E823DB00094E85F /* list.c in Sources */,
				41CCBB681E835EF10075E4F1 /* rsa.c in Sources */,
			);
			runOnlyForDeploymentPostprocessing = 0;
		};
/* End PBXSourcesBuildPhase section */

/* Begin XCBuildConfiguration section */
		41888B221E7BF2F00068EA86 /* Debug */ = {
			isa = XCBuildConfiguration;
			buildSettings = {
				ALWAYS_SEARCH_USER_PATHS = NO;
				CLANG_ANALYZER_NONNULL = YES;
				CLANG_CXX_LANGUAGE_STANDARD = "gnu++0x";
				CLANG_CXX_LIBRARY = "libc++";
				CLANG_ENABLE_MODULES = YES;
				CLANG_ENABLE_OBJC_ARC = YES;
				CLANG_WARN_BOOL_CONVERSION = YES;
				CLANG_WARN_CONSTANT_CONVERSION = YES;
				CLANG_WARN_DIRECT_OBJC_ISA_USAGE = YES_ERROR;
				CLANG_WARN_DOCUMENTATION_COMMENTS = YES;
				CLANG_WARN_EMPTY_BODY = YES;
				CLANG_WARN_ENUM_CONVERSION = YES;
				CLANG_WARN_INFINITE_RECURSION = YES;
				CLANG_WARN_INT_CONVERSION = YES;
				CLANG_WARN_OBJC_ROOT_CLASS = YES_ERROR;
				CLANG_WARN_SUSPICIOUS_MOVE = YES;
				CLANG_WARN_UNREACHABLE_CODE = YES;
				CLANG_WARN__DUPLICATE_METHOD_MATCH = YES;
				CODE_SIGN_IDENTITY = "-";
				COPY_PHASE_STRIP = NO;
				DEBUG_INFORMATION_FORMAT = dwarf;
				ENABLE_STRICT_OBJC_MSGSEND = YES;
				ENABLE_TESTABILITY = YES;
				GCC_C_LANGUAGE_STANDARD = gnu99;
				GCC_DYNAMIC_NO_PIC = NO;
				GCC_NO_COMMON_BLOCKS = YES;
				GCC_OPTIMIZATION_LEVEL = 0;
				GCC_PREPROCESSOR_DEFINITIONS = (
					"DEBUG=1",
					"$(inherited)",
				);
				GCC_WARN_64_TO_32_BIT_CONVERSION = YES;
				GCC_WARN_ABOUT_RETURN_TYPE = YES_ERROR;
				GCC_WARN_UNDECLARED_SELECTOR = YES;
				GCC_WARN_UNINITIALIZED_AUTOS = YES_AGGRESSIVE;
				GCC_WARN_UNUSED_FUNCTION = YES;
				GCC_WARN_UNUSED_VARIABLE = YES;
				MACOSX_DEPLOYMENT_TARGET = 10.12;
				MTL_ENABLE_DEBUG_INFO = YES;
				ONLY_ACTIVE_ARCH = YES;
				SDKROOT = macosx;
			};
			name = Debug;
		};
		41888B231E7BF2F00068EA86 /* Release */ = {
			isa = XCBuildConfiguration;
			buildSettings = {
				ALWAYS_SEARCH_USER_PATHS = NO;
				CLANG_ANALYZER_NONNULL = YES;
				CLANG_CXX_LANGUAGE_STANDARD = "gnu++0x";
				CLANG_CXX_LIBRARY = "libc++";
				CLANG_ENABLE_MODULES = YES;
				CLANG_ENABLE_OBJC_ARC = YES;
				CLANG_WARN_BOOL_CONVERSION = YES;
				CLANG_WARN_CONSTANT_CONVERSION = YES;
				CLANG_WARN_DIRECT_OBJC_ISA_USAGE = YES_ERROR;
				CLANG_WARN_DOCUMENTATION_COMMENTS = YES;
				CLANG_WARN_EMPTY_BODY = YES;
				CLANG_WARN_ENUM_CONVERSION = YES;
				CLANG_WARN_INFINITE_RECURSION = YES;
				CLANG_WARN_INT_CONVERSION = YES;
				CLANG_WARN_OBJC_ROOT_CLASS = YES_ERROR;
				CLANG_WARN_SUSPICIOUS_MOVE = YES;
				CLANG_WARN_UNREACHABLE_CODE = YES;
				CLANG_WARN__DUPLICATE_METHOD_MATCH = YES;
				CODE_SIGN_IDENTITY = "-";
				COPY_PHASE_STRIP = NO;
				DEBUG_INFORMATION_FORMAT = "dwarf-with-dsym";
				ENABLE_NS_ASSERTIONS = NO;
				ENABLE_STRICT_OBJC_MSGSEND = YES;
				GCC_C_LANGUAGE_STANDARD = gnu99;
				GCC_NO_COMMON_BLOCKS = YES;
				GCC_WARN_64_TO_32_BIT_CONVERSION = YES;
				GCC_WARN_ABOUT_RETURN_TYPE = YES_ERROR;
				GCC_WARN_UNDECLARED_SELECTOR = YES;
				GCC_WARN_UNINITIALIZED_AUTOS = YES_AGGRESSIVE;
				GCC_WARN_UNUSED_FUNCTION = YES;
				GCC_WARN_UNUSED_VARIABLE = YES;
				MACOSX_DEPLOYMENT_TARGET = 10.12;
				MTL_ENABLE_DEBUG_INFO = NO;
				SDKROOT = macosx;
			};
			name = Release;
		};
		41888B251E7BF2F00068EA86 /* Debug */ = {
			isa = XCBuildConfiguration;
			buildSettings = {
				PRODUCT_NAME = "$(TARGET_NAME)";
			};
			name = Debug;
		};
		41888B261E7BF2F00068EA86 /* Release */ = {
			isa = XCBuildConfiguration;
			buildSettings = {
				PRODUCT_NAME = "$(TARGET_NAME)";
			};
			name = Release;
		};
/* End XCBuildConfiguration section */

/* Begin XCConfigurationList section */
		41888B181E7BF2F00068EA86 /* Build configuration list for PBXProject "libmdrsa" */ = {
			isa = XCConfigurationList;
			buildConfigurations = (
				41888B221E7BF2F00068EA86 /* Debug */,
				41888B231E7BF2F00068EA86 /* Release */,
			);
			defaultConfigurationIsVisible = 0;
			defaultConfigurationName = Release;
		};
		41888B241E7BF2F00068EA86 /* Build configuration list for PBXNativeTarget "libmdrsa" */ = {
			isa = XCConfigurationList;
			buildConfigurations = (
				41888B251E7BF2F00068EA86 /* Debug */,
				41888B261E7BF2F00068EA86 /* Release */,
			);
			defaultConfigurationIsVisible = 0;
			defaultConfigurationName = Release;
		};
/* End XCConfigurationList section */
	};
	rootObject = 41888B151E7BF2F00068EA86 /* Project object */;
}
